
Microsoft Visual Studio Solution File, Format Version 12.00
# Visual Studio 15
VisualStudioVersion = 15.0.27130.2036
MinimumVisualStudioVersion = 10.0.40219.1
Project("{FAE04EC0-301F-11D3-BF4B-00C04F79EFBC}") = "ChatServer", "ChatServer\ChatServer.csproj", "{07370893-9BE2-418B-9950-3320FB4737C1}"
EndProject
Global
	GlobalSection(SolutionConfigurationPlatforms) = preSolution
		Debug|Any CPU = Debug|Any CPU
		Release|Any CPU = Release|Any CPU
	EndGlobalSection
	GlobalSection(ProjectConfigurationPlatforms) = postSolution
		{07370893-9BE2-418B-9950-3320FB4737C1}.Debug|Any CPU.ActiveCfg = Debug|Any CPU
		{07370893-9BE2-418B-9950-3320FB4737C1}.Debug|Any CPU.Build.0 = Debug|Any CPU
		{07370893-9BE2-418B-9950-3320FB4737C1}.Release|Any CPU.ActiveCfg = Release|Any CPU
		{07370893-9BE2-418B-9950-3320FB4737C1}.Release|Any CPU.Build.0 = Release|Any CPU
	EndGlobalSection
	GlobalSection(SolutionProperties) = preSolution
		HideSolutionNode = FALSE
	EndGlobalSection
	GlobalSection(ExtensibilityGlobals) = postSolution
		SolutionGuid = {1BC72BD0-70D5-494E-B793-2BB0CAD014E2}
	EndGlobalSection
EndGlobal
